
Microsoft Visual Studio Solution File, Format Version 12.00
# Visual Studio Version 18
VisualStudioVersion = 18.8.12023.21
MinimumVisualStudioVersion = 10.0.40219.1
Project("{FAE04EC0-301F-11D3-BF4B-00C04F79EFBC}") = "AutoWikiBrowser", "AWB\AutoWikiBrowser.csproj", "{42769674-70BD-4F11-9718-C5DA36578228}"
EndProject
Project("{FAE04EC0-301F-11D3-BF4B-00C04F79EFBC}") = "Twain.UI", "Twain.UI\Twain.UI.csproj", "{5EC32ECC-AEEA-49A2-8FD5-041A7A163A53}"
EndProject
Project("{FAE04EC0-301F-11D3-BF4B-00C04F79EFBC}") = "Twain.Diagnostics", "Twain.Diagnostics\Twain.Diagnostics.csproj", "{A77ED5FA-F90B-476B-B21D-1399713BA75A}"
EndProject
Project("{FAE04EC0-301F-11D3-BF4B-00C04F79EFBC}") = "Twain.CustomModules", "Twain.CustomModules\Twain.CustomModules.csproj", "{80D4067D-F704-49A8-94B2-B040357CF503}"
EndProject
Project("{FAE04EC0-301F-11D3-BF4B-00C04F79EFBC}") = "Twain.Desktop", "Twain.Desktop\Twain.Desktop.csproj", "{ADC550D3-90E6-469A-8360-A46147F810C7}"
EndProject
Project("{FAE04EC0-301F-11D3-BF4B-00C04F79EFBC}") = "Twain.Tests", "Twain.Tests\Twain.Tests.csproj", "{07FD747A-439E-AA56-563D-A014FDECD17D}"
EndProject
Project("{FAE04EC0-301F-11D3-BF4B-00C04F79EFBC}") = "Twain.Core", "Twain.Core\Twain.Core.csproj", "{BDFE9EE6-B1E1-F84A-9C32-E23C4E6D4A30}"
EndProject
Global
	GlobalSection(SolutionConfigurationPlatforms) = preSolution
		Debug|Any CPU = Debug|Any CPU
		Debug|Mixed Platforms = Debug|Mixed Platforms
		Debug|Win32 = Debug|Win32
		Release|Any CPU = Release|Any CPU
		Release|Mixed Platforms = Release|Mixed Platforms
		Release|Win32 = Release|Win32
	EndGlobalSection
	GlobalSection(ProjectConfigurationPlatforms) = postSolution
		{42769674-70BD-4F11-9718-C5DA36578228}.Debug|Any CPU.ActiveCfg = Debug|Any CPU
		{42769674-70BD-4F11-9718-C5DA36578228}.Debug|Any CPU.Build.0 = Debug|Any CPU
		{42769674-70BD-4F11-9718-C5DA36578228}.Debug|Mixed Platforms.ActiveCfg = Debug|Any CPU
		{42769674-70BD-4F11-9718-C5DA36578228}.Debug|Mixed Platforms.Build.0 = Debug|Any CPU
		{42769674-70BD-4F11-9718-C5DA36578228}.Debug|Win32.ActiveCfg = Debug|Any CPU
		{42769674-70BD-4F11-9718-C5DA36578228}.Release|Any CPU.ActiveCfg = Release|Any CPU
		{42769674-70BD-4F11-9718-C5DA36578228}.Release|Any CPU.Build.0 = Release|Any CPU
		{42769674-70BD-4F11-9718-C5DA36578228}.Release|Mixed Platforms.ActiveCfg = Release|Any CPU
		{42769674-70BD-4F11-9718-C5DA36578228}.Release|Mixed Platforms.Build.0 = Release|Any CPU
		{42769674-70BD-4F11-9718-C5DA36578228}.Release|Win32.ActiveCfg = Release|Any CPU
		{5EC32ECC-AEEA-49A2-8FD5-041A7A163A53}.Debug|Any CPU.ActiveCfg = Debug|Any CPU
		{5EC32ECC-AEEA-49A2-8FD5-041A7A163A53}.Debug|Any CPU.Build.0 = Debug|Any CPU
		{5EC32ECC-AEEA-49A2-8FD5-041A7A163A53}.Debug|Mixed Platforms.ActiveCfg = Debug|Any CPU
		{5EC32ECC-AEEA-49A2-8FD5-041A7A163A53}.Debug|Mixed Platforms.Build.0 = Debug|Any CPU
		{5EC32ECC-AEEA-49A2-8FD5-041A7A163A53}.Debug|Win32.ActiveCfg = Debug|Any CPU
		{5EC32ECC-AEEA-49A2-8FD5-041A7A163A53}.Debug|Win32.Build.0 = Debug|Any CPU
		{5EC32ECC-AEEA-49A2-8FD5-041A7A163A53}.Release|Any CPU.ActiveCfg = Release|Any CPU
		{5EC32ECC-AEEA-49A2-8FD5-041A7A163A53}.Release|Any CPU.Build.0 = Release|Any CPU
		{5EC32ECC-AEEA-49A2-8FD5-041A7A163A53}.Release|Mixed Platforms.ActiveCfg = Release|Any CPU
		{5EC32ECC-AEEA-49A2-8FD5-041A7A163A53}.Release|Mixed Platforms.Build.0 = Release|Any CPU
		{5EC32ECC-AEEA-49A2-8FD5-041A7A163A53}.Release|Win32.ActiveCfg = Release|Any CPU
		{5EC32ECC-AEEA-49A2-8FD5-041A7A163A53}.Release|Win32.Build.0 = Release|Any CPU
		{A77ED5FA-F90B-476B-B21D-1399713BA75A}.Debug|Any CPU.ActiveCfg = Debug|Any CPU
		{A77ED5FA-F90B-476B-B21D-1399713BA75A}.Debug|Any CPU.Build.0 = Debug|Any CPU
		{A77ED5FA-F90B-476B-B21D-1399713BA75A}.Debug|Mixed Platforms.ActiveCfg = Debug|Any CPU
		{A77ED5FA-F90B-476B-B21D-1399713BA75A}.Debug|Mixed Platforms.Build.0 = Debug|Any CPU
		{A77ED5FA-F90B-476B-B21D-1399713BA75A}.Debug|Win32.ActiveCfg = Debug|Any CPU
		{A77ED5FA-F90B-476B-B21D-1399713BA75A}.Debug|Win32.Build.0 = Debug|Any CPU
		{A77ED5FA-F90B-476B-B21D-1399713BA75A}.Release|Any CPU.ActiveCfg = Release|Any CPU
		{A77ED5FA-F90B-476B-B21D-1399713BA75A}.Release|Any CPU.Build.0 = Release|Any CPU
		{A77ED5FA-F90B-476B-B21D-1399713BA75A}.Release|Mixed Platforms.ActiveCfg = Release|Any CPU
		{A77ED5FA-F90B-476B-B21D-1399713BA75A}.Release|Mixed Platforms.Build.0 = Release|Any CPU
		{A77ED5FA-F90B-476B-B21D-1399713BA75A}.Release|Win32.ActiveCfg = Release|Any CPU
		{A77ED5FA-F90B-476B-B21D-1399713BA75A}.Release|Win32.Build.0 = Release|Any CPU
		{80D4067D-F704-49A8-94B2-B040357CF503}.Debug|Any CPU.ActiveCfg = Debug|Any CPU
		{80D4067D-F704-49A8-94B2-B040357CF503}.Debug|Any CPU.Build.0 = Debug|Any CPU
		{80D4067D-F704-49A8-94B2-B040357CF503}.Debug|Mixed Platforms.ActiveCfg = Debug|Any CPU
		{80D4067D-F704-49A8-94B2-B040357CF503}.Debug|Mixed Platforms.Build.0 = Debug|Any CPU
		{80D4067D-F704-49A8-94B2-B040357CF503}.Debug|Win32.ActiveCfg = Debug|Any CPU
		{80D4067D-F704-49A8-94B2-B040357CF503}.Debug|Win32.Build.0 = Debug|Any CPU
		{80D4067D-F704-49A8-94B2-B040357CF503}.Release|Any CPU.ActiveCfg = Release|Any CPU
		{80D4067D-F704-49A8-94B2-B040357CF503}.Release|Any CPU.Build.0 = Release|Any CPU
		{80D4067D-F704-49A8-94B2-B040357CF503}.Release|Mixed Platforms.ActiveCfg = Release|Any CPU
		{80D4067D-F704-49A8-94B2-B040357CF503}.Release|Mixed Platforms.Build.0 = Release|Any CPU
		{80D4067D-F704-49A8-94B2-B040357CF503}.Release|Win32.ActiveCfg = Release|Any CPU
		{80D4067D-F704-49A8-94B2-B040357CF503}.Release|Win32.Build.0 = Release|Any CPU
		{ADC550D3-90E6-469A-8360-A46147F810C7}.Debug|Any CPU.ActiveCfg = Debug|Any CPU
		{ADC550D3-90E6-469A-8360-A46147F810C7}.Debug|Any CPU.Build.0 = Debug|Any CPU
		{ADC550D3-90E6-469A-8360-A46147F810C7}.Debug|Mixed Platforms.ActiveCfg = Debug|Any CPU
		{ADC550D3-90E6-469A-8360-A46147F810C7}.Debug|Mixed Platforms.Build.0 = Debug|Any CPU
		{ADC550D3-90E6-469A-8360-A46147F810C7}.Debug|Win32.ActiveCfg = Debug|Any CPU
		{ADC550D3-90E6-469A-8360-A46147F810C7}.Debug|Win32.Build.0 = Debug|Any CPU
		{ADC550D3-90E6-469A-8360-A46147F810C7}.Release|Any CPU.ActiveCfg = Release|Any CPU
		{ADC550D3-90E6-469A-8360-A46147F810C7}.Release|Any CPU.Build.0 = Release|Any CPU
		{ADC550D3-90E6-469A-8360-A46147F810C7}.Release|Mixed Platforms.ActiveCfg = Release|Any CPU
		{ADC550D3-90E6-469A-8360-A46147F810C7}.Release|Mixed Platforms.Build.0 = Release|Any CPU
		{ADC550D3-90E6-469A-8360-A46147F810C7}.Release|Win32.ActiveCfg = Release|Any CPU
		{ADC550D3-90E6-469A-8360-A46147F810C7}.Release|Win32.Build.0 = Release|Any CPU
		{07FD747A-439E-AA56-563D-A014FDECD17D}.Debug|Any CPU.ActiveCfg = Debug|Any CPU
		{07FD747A-439E-AA56-563D-A014FDECD17D}.Debug|Any CPU.Build.0 = Debug|Any CPU
		{07FD747A-439E-AA56-563D-A014FDECD17D}.Debug|Mixed Platforms.ActiveCfg = Debug|Any CPU
		{07FD747A-439E-AA56-563D-A014FDECD17D}.Debug|Mixed Platforms.Build.0 = Debug|Any CPU
		{07FD747A-439E-AA56-563D-A014FDECD17D}.Debug|Win32.ActiveCfg = Debug|Any CPU
		{07FD747A-439E-AA56-563D-A014FDECD17D}.Debug|Win32.Build.0 = Debug|Any CPU
		{07FD747A-439E-AA56-563D-A014FDECD17D}.Release|Any CPU.ActiveCfg = Release|Any CPU
		{07FD747A-439E-AA56-563D-A014FDECD17D}.Release|Any CPU.Build.0 = Release|Any CPU
		{07FD747A-439E-AA56-563D-A014FDECD17D}.Release|Mixed Platforms.ActiveCfg = Release|Any CPU
		{07FD747A-439E-AA56-563D-A014FDECD17D}.Release|Mixed Platforms.Build.0 = Release|Any CPU
		{07FD747A-439E-AA56-563D-A014FDECD17D}.Release|Win32.ActiveCfg = Release|Any CPU
		{07FD747A-439E-AA56-563D-A014FDECD17D}.Release|Win32.Build.0 = Release|Any CPU
		{BDFE9EE6-B1E1-F84A-9C32-E23C4E6D4A30}.Debug|Any CPU.ActiveCfg = Debug|Any CPU
		{BDFE9EE6-B1E1-F84A-9C32-E23C4E6D4A30}.Debug|Any CPU.Build.0 = Debug|Any CPU
		{BDFE9EE6-B1E1-F84A-9C32-E23C4E6D4A30}.Debug|Mixed Platforms.ActiveCfg = Debug|Any CPU
		{BDFE9EE6-B1E1-F84A-9C32-E23C4E6D4A30}.Debug|Mixed Platforms.Build.0 = Debug|Any CPU
		{BDFE9EE6-B1E1-F84A-9C32-E23C4E6D4A30}.Debug|Win32.ActiveCfg = Debug|Any CPU
		{BDFE9EE6-B1E1-F84A-9C32-E23C4E6D4A30}.Debug|Win32.Build.0 = Debug|Any CPU
		{BDFE9EE6-B1E1-F84A-9C32-E23C4E6D4A30}.Release|Any CPU.ActiveCfg = Release|Any CPU
		{BDFE9EE6-B1E1-F84A-9C32-E23C4E6D4A30}.Release|Any CPU.Build.0 = Release|Any CPU
		{BDFE9EE6-B1E1-F84A-9C32-E23C4E6D4A30}.Release|Mixed Platforms.ActiveCfg = Release|Any CPU
		{BDFE9EE6-B1E1-F84A-9C32-E23C4E6D4A30}.Release|Mixed Platforms.Build.0 = Release|Any CPU
		{BDFE9EE6-B1E1-F84A-9C32-E23C4E6D4A30}.Release|Win32.ActiveCfg = Release|Any CPU
		{BDFE9EE6-B1E1-F84A-9C32-E23C4E6D4A30}.Release|Win32.Build.0 = Release|Any CPU
	EndGlobalSection
	GlobalSection(SolutionProperties) = preSolution
		HideSolutionNode = FALSE
	EndGlobalSection
	GlobalSection(ExtensibilityGlobals) = postSolution
		SolutionGuid = {117C895F-D210-4E71-A37B-3C3142C17598}
	EndGlobalSection
EndGlobal
